
Microsoft Visual Studio Solution File, Format Version 11.00
# Visual Studio 2010
Project("{FAE04EC0-301F-11D3-BF4B-00C04F79EFBC}") = "Sales", "Sales\Sales.csproj", "{4B2B9133-554F-4AD3-B581-3EAEADE92B37}"
EndProject
Project("{FAE04EC0-301F-11D3-BF4B-00C04F79EFBC}") = "SalesTests", "SalesTests\SalesTests.csproj", "{879718C0-0A7D-4E5E-B086-802C374024F5}"
EndProject
Project("{2150E333-8FDC-42A3-9474-1A3956D46DE8}") = "Solution Items", "Solution Items", "{758D6D23-ED97-4D42-85CF-090058691ACF}"
	ProjectSection(SolutionItems) = preProject
		Local.testsettings = Local.testsettings
		Sales.vsmdi = Sales.vsmdi
		TraceAndTestImpact.testsettings = TraceAndTestImpact.testsettings
	EndProjectSection
EndProject
Project("{FAE04EC0-301F-11D3-BF4B-00C04F79EFBC}") = "Entity", "Entity\Entity.csproj", "{ED3E7DDB-7DD6-4D97-990E-F791DD070FED}"
EndProject
Global
	GlobalSection(TestCaseManagementSettings) = postSolution
		CategoryFile = Sales.vsmdi
	EndGlobalSection
	GlobalSection(SolutionConfigurationPlatforms) = preSolution
		Debug|Any CPU = Debug|Any CPU
		Release|Any CPU = Release|Any CPU
	EndGlobalSection
	GlobalSection(ProjectConfigurationPlatforms) = postSolution
		{4B2B9133-554F-4AD3-B581-3EAEADE92B37}.Debug|Any CPU.ActiveCfg = Debug|Any CPU
		{4B2B9133-554F-4AD3-B581-3EAEADE92B37}.Debug|Any CPU.Build.0 = Debug|Any CPU
		{4B2B9133-554F-4AD3-B581-3EAEADE92B37}.Release|Any CPU.ActiveCfg = Release|Any CPU
		{4B2B9133-554F-4AD3-B581-3EAEADE92B37}.Release|Any CPU.Build.0 = Release|Any CPU
		{879718C0-0A7D-4E5E-B086-802C374024F5}.Debug|Any CPU.ActiveCfg = Debug|Any CPU
		{879718C0-0A7D-4E5E-B086-802C374024F5}.Debug|Any CPU.Build.0 = Debug|Any CPU
		{879718C0-0A7D-4E5E-B086-802C374024F5}.Release|Any CPU.ActiveCfg = Release|Any CPU
		{879718C0-0A7D-4E5E-B086-802C374024F5}.Release|Any CPU.Build.0 = Release|Any CPU
		{ED3E7DDB-7DD6-4D97-990E-F791DD070FED}.Debug|Any CPU.ActiveCfg = Debug|Any CPU
		{ED3E7DDB-7DD6-4D97-990E-F791DD070FED}.Debug|Any CPU.Build.0 = Debug|Any CPU
		{ED3E7DDB-7DD6-4D97-990E-F791DD070FED}.Release|Any CPU.ActiveCfg = Release|Any CPU
		{ED3E7DDB-7DD6-4D97-990E-F791DD070FED}.Release|Any CPU.Build.0 = Release|Any CPU
	EndGlobalSection
	GlobalSection(SolutionProperties) = preSolution
		HideSolutionNode = FALSE
	EndGlobalSection
	GlobalSection(ExtensibilityGlobals) = postSolution
		VisualSVNWorkingCopyRoot = .
	EndGlobalSection
EndGlobal
